
Microsoft Visual Studio Solution File, Format Version 12.00
# Visual Studio Version 17
VisualStudioVersion = 17.1.32210.238
MinimumVisualStudioVersion = 10.0.40219.1
Project("{9A19103F-16F7-4668-BE54-9A1E7A4F7556}") = "Cuentas.Backend.Domain", "Cuentas.Backend.Domain\Cuentas.Backend.Domain.csproj", "{D71AA972-A755-4664-9AE6-C8A7F0F305CA}"
EndProject
Project("{9A19103F-16F7-4668-BE54-9A1E7A4F7556}") = "Cuentas.Backend.Infraestruture", "Cuentas.Backend.Infraestruture\Cuentas.Backend.Infraestruture.csproj", "{828BA8D7-FA7E-46D4-9EFE-0CB4D9467FB9}"
EndProject
Project("{9A19103F-16F7-4668-BE54-9A1E7A4F7556}") = "Cuentas.Backend.Shared", "Cuentas.Backend.Shared\Cuentas.Backend.Shared.csproj", "{3895A71A-895F-493E-98C3-589972CA1E0E}"
EndProject
Project("{9A19103F-16F7-4668-BE54-9A1E7A4F7556}") = "Cuentas.Backend.Aplication", "Cuentas.Backend.Aplication\Cuentas.Backend.Aplication.csproj", "{72A074B8-130B-45AB-B865-5170AB8661AA}"
EndProject
Project("{9A19103F-16F7-4668-BE54-9A1E7A4F7556}") = "Cuentas.Backend.API", "Cuentas.Backend.API\Cuentas.Backend.API.csproj", "{F13E714B-5BA8-4CCE-862A-21BA721F41D6}"
EndProject
Global
	GlobalSection(SolutionConfigurationPlatforms) = preSolution
		Debug|Any CPU = Debug|Any CPU
		Release|Any CPU = Release|Any CPU
	EndGlobalSection
	GlobalSection(ProjectConfigurationPlatforms) = postSolution
		{D71AA972-A755-4664-9AE6-C8A7F0F305CA}.Debug|Any CPU.ActiveCfg = Debug|Any CPU
		{D71AA972-A755-4664-9AE6-C8A7F0F305CA}.Debug|Any CPU.Build.0 = Debug|Any CPU
		{D71AA972-A755-4664-9AE6-C8A7F0F305CA}.Release|Any CPU.ActiveCfg = Release|Any CPU
		{D71AA972-A755-4664-9AE6-C8A7F0F305CA}.Release|Any CPU.Build.0 = Release|Any CPU
		{828BA8D7-FA7E-46D4-9EFE-0CB4D9467FB9}.Debug|Any CPU.ActiveCfg = Debug|Any CPU
		{828BA8D7-FA7E-46D4-9EFE-0CB4D9467FB9}.Debug|Any CPU.Build.0 = Debug|Any CPU
		{828BA8D7-FA7E-46D4-9EFE-0CB4D9467FB9}.Release|Any CPU.ActiveCfg = Release|Any CPU
		{828BA8D7-FA7E-46D4-9EFE-0CB4D9467FB9}.Release|Any CPU.Build.0 = Release|Any CPU
		{3895A71A-895F-493E-98C3-589972CA1E0E}.Debug|Any CPU.ActiveCfg = Debug|Any CPU
		{3895A71A-895F-493E-98C3-589972CA1E0E}.Debug|Any CPU.Build.0 = Debug|Any CPU
		{3895A71A-895F-493E-98C3-589972CA1E0E}.Release|Any CPU.ActiveCfg = Release|Any CPU
		{3895A71A-895F-493E-98C3-589972CA1E0E}.Release|Any CPU.Build.0 = Release|Any CPU
		{72A074B8-130B-45AB-B865-5170AB8661AA}.Debug|Any CPU.ActiveCfg = Debug|Any CPU
		{72A074B8-130B-45AB-B865-5170AB8661AA}.Debug|Any CPU.Build.0 = Debug|Any CPU
		{72A074B8-130B-45AB-B865-5170AB8661AA}.Release|Any CPU.ActiveCfg = Release|Any CPU
		{72A074B8-130B-45AB-B865-5170AB8661AA}.Release|Any CPU.Build.0 = Release|Any CPU
		{F13E714B-5BA8-4CCE-862A-21BA721F41D6}.Debug|Any CPU.ActiveCfg = Debug|Any CPU
		{F13E714B-5BA8-4CCE-862A-21BA721F41D6}.Debug|Any CPU.Build.0 = Debug|Any CPU
		{F13E714B-5BA8-4CCE-862A-21BA721F41D6}.Release|Any CPU.ActiveCfg = Release|Any CPU
		{F13E714B-5BA8-4CCE-862A-21BA721F41D6}.Release|Any CPU.Build.0 = Release|Any CPU
	EndGlobalSection
	GlobalSection(SolutionProperties) = preSolution
		HideSolutionNode = FALSE
	EndGlobalSection
	GlobalSection(ExtensibilityGlobals) = postSolution
		SolutionGuid = {5A9AF44B-5174-4E16-8F06-21DC1396B572}
	EndGlobalSection
EndGlobal
